
Microsoft Visual Studio Solution File, Format Version 12.00
# Visual Studio Version 16
VisualStudioVersion = 16.0.29911.84
MinimumVisualStudioVersion = 10.0.40219.1
Project("{FAE04EC0-301F-11D3-BF4B-00C04F79EFBC}") = "FlightSimulator", "FlightSimulator\FlightSimulator.csproj", "{4AA33095-0CDC-4A9B-95D7-7B90DFFF5AEF}"
EndProject
Project("{2150E333-8FDC-42A3-9474-1A3956D46DE8}") = "Solution Items", "Solution Items", "{26A61264-5BF2-4387-B3EE-47417E24B986}"
EndProject
Global
	GlobalSection(SolutionConfigurationPlatforms) = preSolution
		Debug|Any CPU = Debug|Any CPU
		Release|Any CPU = Release|Any CPU
	EndGlobalSection
	GlobalSection(ProjectConfigurationPlatforms) = postSolution
		{4AA33095-0CDC-4A9B-95D7-7B90DFFF5AEF}.Debug|Any CPU.ActiveCfg = Debug|Any CPU
		{4AA33095-0CDC-4A9B-95D7-7B90DFFF5AEF}.Debug|Any CPU.Build.0 = Debug|Any CPU
		{4AA33095-0CDC-4A9B-95D7-7B90DFFF5AEF}.Release|Any CPU.ActiveCfg = Release|Any CPU
		{4AA33095-0CDC-4A9B-95D7-7B90DFFF5AEF}.Release|Any CPU.Build.0 = Release|Any CPU
	EndGlobalSection
	GlobalSection(SolutionProperties) = preSolution
		HideSolutionNode = FALSE
	EndGlobalSection
	GlobalSection(ExtensibilityGlobals) = postSolution
		SolutionGuid = {467C30EE-7307-4AA3-B71B-B3946CBBBFCE}
	EndGlobalSection
EndGlobal
